// !$*UTF8*$!
{
	archiveVersion = 1;
	classes = {
	};
	objectVersion = 77;
	objects = {

/* Begin PBXContainerItemProxy section */
		C0E4A4162F55A31A004042A1 /* PBXContainerItemProxy */ = {
			isa = PBXContainerItemProxy;
			containerPortal = C0E4A4002F55A317004042A1 /* Project object */;
			proxyType = 1;
			remoteGlobalIDString = C0E4A4072F55A317004042A1;
			remoteInfo = VideoPlayer;
		};
		C0E4A4202F55A31A004042A1 /* PBXContainerItemProxy */ = {
			isa = PBXContainerItemProxy;
			containerPortal = C0E4A4002F55A317004042A1 /* Project object */;
			proxyType = 1;
			remoteGlobalIDString = C0E4A4072F55A317004042A1;
			remoteInfo = VideoPlayer;
		};
/* End PBXContainerItemProxy section */

/* Begin PBXFileReference section */
		C0E4A4082F55A317004042A1 /* VideoPlayer.app */ = {isa = PBXFileReference; explicitFileType = wrapper.application; includeInIndex = 0; path = VideoPlayer.app; sourceTree = BUILT_PRODUCTS_DIR; };
		C0E4A4152F55A31A004042A1 /* VideoPlayerTests.xctest */ = {isa = PBXFileReference; explicitFileType = wrapper.cfbundle; includeInIndex = 0; path = VideoPlayerTests.xctest; sourceTree = BUILT_PRODUCTS_DIR; };
		C0E4A41F2F55A31A004042A1 /* VideoPlayerUITests.xctest */ = {isa = PBXFileReference; explicitFileType = wrapper.cfbundle; includeInIndex = 0; path = VideoPlayerUITests.xctest; sourceTree = BUILT_PRODUCTS_DIR; };
/* End PBXFileReference section */

/* Begin PBXFileSystemSynchronizedRootGroup section */
		C0E4A40A2F55A317004042A1 /* VideoPlayer */ = {
			isa = PBXFileSystemSynchronizedRootGroup;
			path = VideoPlayer;
			sourceTree = "<group>";
		};
		C0E4A4182F55A31A004042A1 /* VideoPlayerTests */ = {
			isa = PBXFileSystemSynchronizedRootGroup;
			path = VideoPlayerTests;
			sourceTree = "<group>";
		};
		C0E4A4222F55A31A004042A1 /* VideoPlayerUITests */ = {
			isa = PBXFileSystemSynchronizedRootGroup;
			path = VideoPlayerUITests;
			sourceTree = "<group>";
		};
/* End PBXFileSystemSynchronizedRootGroup section */

/* Begin PBXFrameworksBuildPhase section */
		C0E4A4052F55A317004042A1 /* Frameworks */ = {
			isa = PBXFrameworksBuildPhase;
			buildActionMask = 2147483647;
			files = (
			);
			runOnlyForDeploymentPostprocessing = 0;
		};
		C0E4A4122F55A31A004042A1 /* Frameworks */ = {
			isa = PBXFrameworksBuildPhase;
			buildActionMask = 2147483647;
			files = (
			);
			runOnlyForDeploymentPostprocessing = 0;
		};
		C0E4A41C2F55A31A004042A1 /* Frameworks */ = {
			isa = PBXFrameworksBuildPhase;
			buildActionMask = 2147483647;
			files = (
			);
			runOnlyForDeploymentPostprocessing = 0;
		};
/* End PBXFrameworksBuildPhase section */

/* Begin PBXGroup section */
		C0E4A3FF2F55A317004042A1 = {
			isa = PBXGroup;
			children = (
				C0E4A40A2F55A317004042A1 /* VideoPlayer */,
				C0E4A4182F55A31A004042A1 /* VideoPlayerTests */,
				C0E4A4222F55A31A004042A1 /* VideoPlayerUITests */,
				C0E4A4092F55A317004042A1 /* Products */,
			);
			sourceTree = "<group>";
		};
		C0E4A4092F55A317004042A1 /* Products */ = {
			isa = PBXGroup;
			children = (
				C0E4A4082F55A317004042A1 /* VideoPlayer.app */,
				C0E4A4152F55A31A004042A1 /* VideoPlayerTests.xctest */,
				C0E4A41F2F55A31A004042A1 /* VideoPlayerUITests.xctest */,
			);
			name = Products;
			sourceTree = "<group>";
		};
/* End PBXGroup section */

/* Begin PBXNativeTarget section */
		C0E4A4072F55A317004042A1 /* VideoPlayer */ = {
			isa = PBXNativeTarget;
			buildConfigurationList = C0E4A4292F55A31A004042A1 /* Build configuration list for PBXNativeTarget "VideoPlayer" */;
			buildPhases = (
				C0E4A4042F55A317004042A1 /* Sources */,
				C0E4A4052F55A317004042A1 /* Frameworks */,
				C0E4A4062F55A317004042A1 /* Resources */,
			);
			buildRules = (
			);
			dependencies = (
			);
			fileSystemSynchronizedGroups = (
				C0E4A40A2F55A317004042A1 /* VideoPlayer */,
			);
			name = VideoPlayer;
			packageProductDependencies = (
			);
			productName = VideoPlayer;
			productReference = C0E4A4082F55A317004042A1 /* VideoPlayer.app */;
			productType = "com.apple.product-type.application";
		};
		C0E4A4142F55A31A004042A1 /* VideoPlayerTests */ = {
			isa = PBXNativeTarget;
			buildConfigurationList = C0E4A42C2F55A31A004042A1 /* Build configuration list for PBXNativeTarget "VideoPlayerTests" */;
			buildPhases = (
				C0E4A4112F55A31A004042A1 /* Sources */,
				C0E4A4122F55A31A004042A1 /* Frameworks */,
				C0E4A4132F55A31A004042A1 /* Resources */,
			);
			buildRules = (
			);
			dependencies = (
				C0E4A4172F55A31A004042A1 /* PBXTargetDependency */,
			);
			fileSystemSynchronizedGroups = (
				C0E4A4182F55A31A004042A1 /* VideoPlayerTests */,
			);
			name = VideoPlayerTests;
			packageProductDependencies = (
			);
			productName = VideoPlayerTests;
			productReference = C0E4A4152F55A31A004042A1 /* VideoPlayerTests.xctest */;
			productType = "com.apple.product-type.bundle.unit-test";
		};
		C0E4A41E2F55A31A004042A1 /* VideoPlayerUITests */ = {
			isa = PBXNativeTarget;
			buildConfigurationList = C0E4A42F2F55A31A004042A1 /* Build configuration list for PBXNativeTarget "VideoPlayerUITests" */;
			buildPhases = (
				C0E4A41B2F55A31A004042A1 /* Sources */,
				C0E4A41C2F55A31A004042A1 /* Frameworks */,
				C0E4A41D2F55A31A004042A1 /* Resources */,
			);
			buildRules = (
			);
			dependencies = (
				C0E4A4212F55A31A004042A1 /* PBXTargetDependency */,
			);
			fileSystemSynchronizedGroups = (
				C0E4A4222F55A31A004042A1 /* VideoPlayerUITests */,
			);
			name = VideoPlayerUITests;
			packageProductDependencies = (
			);
			productName = VideoPlayerUITests;
			productReference = C0E4A41F2F55A31A004042A1 /* VideoPlayerUITests.xctest */;
			productType = "com.apple.product-type.bundle.ui-testing";
		};
/* End PBXNativeTarget section */

/* Begin PBXProject section */
		C0E4A4002F55A317004042A1 /* Project object */ = {
			isa = PBXProject;
			attributes = {
				BuildIndependentTargetsInParallel = 1;
				LastSwiftUpdateCheck = 2630;
				LastUpgradeCheck = 2630;
				TargetAttributes = {
					C0E4A4072F55A317004042A1 = {
						CreatedOnToolsVersion = 26.3;
					};
					C0E4A4142F55A31A004042A1 = {
						CreatedOnToolsVersion = 26.3;
						TestTargetID = C0E4A4072F55A317004042A1;
					};
					C0E4A41E2F55A31A004042A1 = {
						CreatedOnToolsVersion = 26.3;
						TestTargetID = C0E4A4072F55A317004042A1;
					};
				};
			};
			buildConfigurationList = C0E4A4032F55A317004042A1 /* Build configuration list for PBXProject "VideoPlayer" */;
			developmentRegion = en;
			hasScannedForEncodings = 0;
			knownRegions = (
				en,
				Base,
			);
			mainGroup = C0E4A3FF2F55A317004042A1;
			minimizedProjectReferenceProxies = 1;
			preferredProjectObjectVersion = 77;
			productRefGroup = C0E4A4092F55A317004042A1 /* Products */;
			projectDirPath = "";
			projectRoot = "";
			targets = (
				C0E4A4072F55A317004042A1 /* VideoPlayer */,
				C0E4A4142F55A31A004042A1 /* VideoPlayerTests */,
				C0E4A41E2F55A31A004042A1 /* VideoPlayerUITests */,
			);
		};
/* End PBXProject section */

/* Begin PBXResourcesBuildPhase section */
		C0E4A4062F55A317004042A1 /* Resources */ = {
			isa = PBXResourcesBuildPhase;
			buildActionMask = 2147483647;
			files = (
			);
			runOnlyForDeploymentPostprocessing = 0;
		};
		C0E4A4132F55A31A004042A1 /* Resources */ = {
			isa = PBXResourcesBuildPhase;
			buildActionMask = 2147483647;
			files = (
			);
			runOnlyForDeploymentPostprocessing = 0;
		};
		C0E4A41D2F55A31A004042A1 /* Resources */ = {
			isa = PBXResourcesBuildPhase;
			buildActionMask = 2147483647;
			files = (
			);
			runOnlyForDeploymentPostprocessing = 0;
		};
/* End PBXResourcesBuildPhase section */

/* Begin PBXSourcesBuildPhase section */
		C0E4A4042F55A317004042A1 /* Sources */ = {
			isa = PBXSourcesBuildPhase;
			buildActionMask = 2147483647;
			files = (
			);
			runOnlyForDeploymentPostprocessing = 0;
		};
		C0E4A4112F55A31A004042A1 /* Sources */ = {
			isa = PBXSourcesBuildPhase;
			buildActionMask = 2147483647;
			files = (
			);
			runOnlyForDeploymentPostprocessing = 0;
		};
		C0E4A41B2F55A31A004042A1 /* Sources */ = {
			isa = PBXSourcesBuildPhase;
			buildActionMask = 2147483647;
			files = (
			);
			runOnlyForDeploymentPostprocessing = 0;
		};
/* End PBXSourcesBuildPhase section */

/* Begin PBXTargetDependency section */
		C0E4A4172F55A31A004042A1 /* PBXTargetDependency */ = {
			isa = PBXTargetDependency;
			target = C0E4A4072F55A317004042A1 /* VideoPlayer */;
			targetProxy = C0E4A4162F55A31A004042A1 /* PBXContainerItemProxy */;
		};
		C0E4A4212F55A31A004042A1 /* PBXTargetDependency */ = {
			isa = PBXTargetDependency;
			target = C0E4A4072F55A317004042A1 /* VideoPlayer */;
			targetProxy = C0E4A4202F55A31A004042A1 /* PBXContainerItemProxy */;
		};
/* End PBXTargetDependency section */

/* Begin XCBuildConfiguration section */
		C0E4A4272F55A31A004042A1 /* Debug */ = {
			isa = XCBuildConfiguration;
			buildSettings = {
				ALWAYS_SEARCH_USER_PATHS = NO;
				ASSETCATALOG_COMPILER_GENERATE_SWIFT_ASSET_SYMBOL_EXTENSIONS = YES;
				CLANG_ANALYZER_NONNULL = YES;
				CLANG_ANALYZER_NUMBER_OBJECT_CONVERSION = YES_AGGRESSIVE;
				CLANG_CXX_LANGUAGE_STANDARD = "gnu++20";
				CLANG_ENABLE_MODULES = YES;
				CLANG_ENABLE_OBJC_ARC = YES;
				CLANG_ENABLE_OBJC_WEAK = YES;
				CLANG_WARN_BLOCK_CAPTURE_AUTORELEASING = YES;
				CLANG_WARN_BOOL_CONVERSION = YES;
				CLANG_WARN_COMMA = YES;
				CLANG_WARN_CONSTANT_CONVERSION = YES;
				CLANG_WARN_DEPRECATED_OBJC_IMPLEMENTATIONS = YES;
				CLANG_WARN_DIRECT_OBJC_ISA_USAGE = YES_ERROR;
				CLANG_WARN_DOCUMENTATION_COMMENTS = YES;
				CLANG_WARN_EMPTY_BODY = YES;
				CLANG_WARN_ENUM_CONVERSION = YES;
				CLANG_WARN_INFINITE_RECURSION = YES;
				CLANG_WARN_INT_CONVERSION = YES;
				CLANG_WARN_NON_LITERAL_NULL_CONVERSION = YES;
				CLANG_WARN_OBJC_IMPLICIT_RETAIN_SELF = YES;
				CLANG_WARN_OBJC_LITERAL_CONVERSION = YES;
				CLANG_WARN_OBJC_ROOT_CLASS = YES_ERROR;
				CLANG_WARN_QUOTED_INCLUDE_IN_FRAMEWORK_HEADER = YES;
				CLANG_WARN_RANGE_LOOP_ANALYSIS = YES;
				CLANG_WARN_STRICT_PROTOTYPES = YES;
				CLANG_WARN_SUSPICIOUS_MOVE = YES;
				CLANG_WARN_UNGUARDED_AVAILABILITY = YES_AGGRESSIVE;
				CLANG_WARN_UNREACHABLE_CODE = YES;
				CLANG_WARN__DUPLICATE_METHOD_MATCH = YES;
				COPY_PHASE_STRIP = NO;
				DEBUG_INFORMATION_FORMAT = dwarf;
				DEVELOPMENT_TEAM = C5Q8CQM7UW;
				ENABLE_STRICT_OBJC_MSGSEND = YES;
				ENABLE_TESTABILITY = YES;
				ENABLE_USER_SCRIPT_SANDBOXING = YES;
				GCC_C_LANGUAGE_STANDARD = gnu17;
				GCC_DYNAMIC_NO_PIC = NO;
				GCC_NO_COMMON_BLOCKS = YES;
				GCC_OPTIMIZATION_LEVEL = 0;
				GCC_PREPROCESSOR_DEFINITIONS = (
					"DEBUG=1",
					"$(inherited)",
				);
				GCC_WARN_64_TO_32_BIT_CONVERSION = YES;
				GCC_WARN_ABOUT_RETURN_TYPE = YES_ERROR;
				GCC_WARN_UNDECLARED_SELECTOR = YES;
				GCC_WARN_UNINITIALIZED_AUTOS = YES_AGGRESSIVE;
				GCC_WARN_UNUSED_FUNCTION = YES;
				GCC_WARN_UNUSED_VARIABLE = YES;
				LOCALIZATION_PREFERS_STRING_CATALOGS = YES;
				MTL_ENABLE_DEBUG_INFO = INCLUDE_SOURCE;
				MTL_FAST_MATH = YES;
				ONLY_ACTIVE_ARCH = YES;
				SDKROOT = appletvos;
				SWIFT_ACTIVE_COMPILATION_CONDITIONS = "DEBUG $(inherited)";
				SWIFT_OPTIMIZATION_LEVEL = "-Onone";
				TVOS_DEPLOYMENT_TARGET = 26.2;
			};
			name = Debug;
		};
		C0E4A4282F55A31A004042A1 /* Release */ = {
			isa = XCBuildConfiguration;
			buildSettings = {
				ALWAYS_SEARCH_USER_PATHS = NO;
				ASSETCATALOG_COMPILER_GENERATE_SWIFT_ASSET_SYMBOL_EXTENSIONS = YES;
				CLANG_ANALYZER_NONNULL = YES;
				CLANG_ANALYZER_NUMBER_OBJECT_CONVERSION = YES_AGGRESSIVE;
				CLANG_CXX_LANGUAGE_STANDARD = "gnu++20";
				CLANG_ENABLE_MODULES = YES;
				CLANG_ENABLE_OBJC_ARC = YES;
				CLANG_ENABLE_OBJC_WEAK = YES;
				CLANG_WARN_BLOCK_CAPTURE_AUTORELEASING = YES;
				CLANG_WARN_BOOL_CONVERSION = YES;
				CLANG_WARN_COMMA = YES;
				CLANG_WARN_CONSTANT_CONVERSION = YES;
				CLANG_WARN_DEPRECATED_OBJC_IMPLEMENTATIONS = YES;
				CLANG_WARN_DIRECT_OBJC_ISA_USAGE = YES_ERROR;
				CLANG_WARN_DOCUMENTATION_COMMENTS = YES;
				CLANG_WARN_EMPTY_BODY = YES;
				CLANG_WARN_ENUM_CONVERSION = YES;
				CLANG_WARN_INFINITE_RECURSION = YES;
				CLANG_WARN_INT_CONVERSION = YES;
				CLANG_WARN_NON_LITERAL_NULL_CONVERSION = YES;
				CLANG_WARN_OBJC_IMPLICIT_RETAIN_SELF = YES;
				CLANG_WARN_OBJC_LITERAL_CONVERSION = YES;
				CLANG_WARN_OBJC_ROOT_CLASS = YES_ERROR;
				CLANG_WARN_QUOTED_INCLUDE_IN_FRAMEWORK_HEADER = YES;
				CLANG_WARN_RANGE_LOOP_ANALYSIS = YES;
				CLANG_WARN_STRICT_PROTOTYPES = YES;
				CLANG_WARN_SUSPICIOUS_MOVE = YES;
				CLANG_WARN_UNGUARDED_AVAILABILITY = YES_AGGRESSIVE;
				CLANG_WARN_UNREACHABLE_CODE = YES;
				CLANG_WARN__DUPLICATE_METHOD_MATCH = YES;
				COPY_PHASE_STRIP = NO;
				DEBUG_INFORMATION_FORMAT = "dwarf-with-dsym";
				DEVELOPMENT_TEAM = C5Q8CQM7UW;
				ENABLE_NS_ASSERTIONS = NO;
				ENABLE_STRICT_OBJC_MSGSEND = YES;
				ENABLE_USER_SCRIPT_SANDBOXING = YES;
				GCC_C_LANGUAGE_STANDARD = gnu17;
				GCC_NO_COMMON_BLOCKS = YES;
				GCC_WARN_64_TO_32_BIT_CONVERSION = YES;
				GCC_WARN_ABOUT_RETURN_TYPE = YES_ERROR;
				GCC_WARN_UNDECLARED_SELECTOR = YES;
				GCC_WARN_UNINITIALIZED_AUTOS = YES_AGGRESSIVE;
				GCC_WARN_UNUSED_FUNCTION = YES;
				GCC_WARN_UNUSED_VARIABLE = YES;
				LOCALIZATION_PREFERS_STRING_CATALOGS = YES;
				MTL_ENABLE_DEBUG_INFO = NO;
				MTL_FAST_MATH = YES;
				SDKROOT = appletvos;
				SWIFT_COMPILATION_MODE = wholemodule;
				TVOS_DEPLOYMENT_TARGET = 26.2;
				VALIDATE_PRODUCT = YES;
			};
			name = Release;
		};
		C0E4A42A2F55A31A004042A1 /* Debug */ = {
			isa = XCBuildConfiguration;
			buildSettings = {
				ASSETCATALOG_COMPILER_APPICON_NAME = AppIcon;
				ASSETCATALOG_COMPILER_GLOBAL_ACCENT_COLOR_NAME = AccentColor;
				ASSETCATALOG_COMPILER_INCLUDE_ALL_APPICON_ASSETS = YES;
				CODE_SIGN_STYLE = Automatic;
				CURRENT_PROJECT_VERSION = 1;
				DEVELOPMENT_TEAM = C5Q8CQM7UW;
				ENABLE_PREVIEWS = YES;
				GENERATE_INFOPLIST_FILE = YES;
				INFOPLIST_KEY_UILaunchScreen_Generation = YES;
				INFOPLIST_KEY_UIUserInterfaceStyle = Automatic;
				IPHONEOS_DEPLOYMENT_TARGET = 26.0;
				LD_RUNPATH_SEARCH_PATHS = (
					"$(inherited)",
					"@executable_path/Frameworks",
				);
				MARKETING_VERSION = 1.0;
				PRODUCT_BUNDLE_IDENTIFIER = com.casa.VideoPlayer;
				PRODUCT_NAME = "$(TARGET_NAME)";
				STRING_CATALOG_GENERATE_SYMBOLS = YES;
				SUPPORTED_PLATFORMS = "appletvos appletvsimulator";
				SUPPORTS_MACCATALYST = NO;
				SWIFT_APPROACHABLE_CONCURRENCY = YES;
				SWIFT_DEFAULT_ACTOR_ISOLATION = MainActor;
				SWIFT_EMIT_LOC_STRINGS = YES;
				SWIFT_UPCOMING_FEATURE_MEMBER_IMPORT_VISIBILITY = YES;
				SWIFT_VERSION = 5.0;
				TARGETED_DEVICE_FAMILY = 3;
				TVOS_DEPLOYMENT_TARGET = 26.0;
			};
			name = Debug;
		};
		C0E4A42B2F55A31A004042A1 /* Release */ = {
			isa = XCBuildConfiguration;
			buildSettings = {
				ASSETCATALOG_COMPILER_APPICON_NAME = AppIcon;
				ASSETCATALOG_COMPILER_GLOBAL_ACCENT_COLOR_NAME = AccentColor;
				ASSETCATALOG_COMPILER_INCLUDE_ALL_APPICON_ASSETS = YES;
				CODE_SIGN_STYLE = Automatic;
				CURRENT_PROJECT_VERSION = 1;
				DEVELOPMENT_TEAM = C5Q8CQM7UW;
				ENABLE_PREVIEWS = YES;
				GENERATE_INFOPLIST_FILE = YES;
				INFOPLIST_KEY_UILaunchScreen_Generation = YES;
				INFOPLIST_KEY_UIUserInterfaceStyle = Automatic;
				IPHONEOS_DEPLOYMENT_TARGET = 26.0;
				LD_RUNPATH_SEARCH_PATHS = (
					"$(inherited)",
					"@executable_path/Frameworks",
				);
				MARKETING_VERSION = 1.0;
				PRODUCT_BUNDLE_IDENTIFIER = com.casa.VideoPlayer;
				PRODUCT_NAME = "$(TARGET_NAME)";
				STRING_CATALOG_GENERATE_SYMBOLS = YES;
				SUPPORTED_PLATFORMS = "appletvos appletvsimulator";
				SUPPORTS_MACCATALYST = NO;
				SWIFT_APPROACHABLE_CONCURRENCY = YES;
				SWIFT_DEFAULT_ACTOR_ISOLATION = MainActor;
				SWIFT_EMIT_LOC_STRINGS = YES;
				SWIFT_UPCOMING_FEATURE_MEMBER_IMPORT_VISIBILITY = YES;
				SWIFT_VERSION = 5.0;
				TARGETED_DEVICE_FAMILY = 3;
				TVOS_DEPLOYMENT_TARGET = 26.0;
			};
			name = Release;
		};
		C0E4A42D2F55A31A004042A1 /* Debug */ = {
			isa = XCBuildConfiguration;
			buildSettings = {
				BUNDLE_LOADER = "$(TEST_HOST)";
				CODE_SIGN_STYLE = Automatic;
				CURRENT_PROJECT_VERSION = 1;
				DEVELOPMENT_TEAM = C5Q8CQM7UW;
				GENERATE_INFOPLIST_FILE = YES;
				MARKETING_VERSION = 1.0;
				PRODUCT_BUNDLE_IDENTIFIER = com.casa.VideoPlayerTests;
				PRODUCT_NAME = "$(TARGET_NAME)";
				STRING_CATALOG_GENERATE_SYMBOLS = NO;
				SWIFT_APPROACHABLE_CONCURRENCY = YES;
				SWIFT_EMIT_LOC_STRINGS = NO;
				SWIFT_UPCOMING_FEATURE_MEMBER_IMPORT_VISIBILITY = YES;
				SWIFT_VERSION = 5.0;
				TARGETED_DEVICE_FAMILY = 3;
				TEST_HOST = "$(BUILT_PRODUCTS_DIR)/VideoPlayer.app/$(BUNDLE_EXECUTABLE_FOLDER_PATH)/VideoPlayer";
				TVOS_DEPLOYMENT_TARGET = 26.2;
			};
			name = Debug;
		};
		C0E4A42E2F55A31A004042A1 /* Release */ = {
			isa = XCBuildConfiguration;
			buildSettings = {
				BUNDLE_LOADER = "$(TEST_HOST)";
				CODE_SIGN_STYLE = Automatic;
				CURRENT_PROJECT_VERSION = 1;
				DEVELOPMENT_TEAM = C5Q8CQM7UW;
				GENERATE_INFOPLIST_FILE = YES;
				MARKETING_VERSION = 1.0;
				PRODUCT_BUNDLE_IDENTIFIER = com.casa.VideoPlayerTests;
				PRODUCT_NAME = "$(TARGET_NAME)";
				STRING_CATALOG_GENERATE_SYMBOLS = NO;
				SWIFT_APPROACHABLE_CONCURRENCY = YES;
				SWIFT_EMIT_LOC_STRINGS = NO;
				SWIFT_UPCOMING_FEATURE_MEMBER_IMPORT_VISIBILITY = YES;
				SWIFT_VERSION = 5.0;
				TARGETED_DEVICE_FAMILY = 3;
				TEST_HOST = "$(BUILT_PRODUCTS_DIR)/VideoPlayer.app/$(BUNDLE_EXECUTABLE_FOLDER_PATH)/VideoPlayer";
				TVOS_DEPLOYMENT_TARGET = 26.2;
			};
			name = Release;
		};
		C0E4A4302F55A31A004042A1 /* Debug */ = {
			isa = XCBuildConfiguration;
			buildSettings = {
				CODE_SIGN_STYLE = Automatic;
				CURRENT_PROJECT_VERSION = 1;
				DEVELOPMENT_TEAM = C5Q8CQM7UW;
				GENERATE_INFOPLIST_FILE = YES;
				MARKETING_VERSION = 1.0;
				PRODUCT_BUNDLE_IDENTIFIER = com.casa.VideoPlayerUITests;
				PRODUCT_NAME = "$(TARGET_NAME)";
				STRING_CATALOG_GENERATE_SYMBOLS = NO;
				SWIFT_APPROACHABLE_CONCURRENCY = YES;
				SWIFT_EMIT_LOC_STRINGS = NO;
				SWIFT_UPCOMING_FEATURE_MEMBER_IMPORT_VISIBILITY = YES;
				SWIFT_VERSION = 5.0;
				TARGETED_DEVICE_FAMILY = 3;
				TEST_TARGET_NAME = VideoPlayer;
			};
			name = Debug;
		};
		C0E4A4312F55A31A004042A1 /* Release */ = {
			isa = XCBuildConfiguration;
			buildSettings = {
				CODE_SIGN_STYLE = Automatic;
				CURRENT_PROJECT_VERSION = 1;
				DEVELOPMENT_TEAM = C5Q8CQM7UW;
				GENERATE_INFOPLIST_FILE = YES;
				MARKETING_VERSION = 1.0;
				PRODUCT_BUNDLE_IDENTIFIER = com.casa.VideoPlayerUITests;
				PRODUCT_NAME = "$(TARGET_NAME)";
				STRING_CATALOG_GENERATE_SYMBOLS = NO;
				SWIFT_APPROACHABLE_CONCURRENCY = YES;
				SWIFT_EMIT_LOC_STRINGS = NO;
				SWIFT_UPCOMING_FEATURE_MEMBER_IMPORT_VISIBILITY = YES;
				SWIFT_VERSION = 5.0;
				TARGETED_DEVICE_FAMILY = 3;
				TEST_TARGET_NAME = VideoPlayer;
			};
			name = Release;
		};
/* End XCBuildConfiguration section */

/* Begin XCConfigurationList section */
		C0E4A4032F55A317004042A1 /* Build configuration list for PBXProject "VideoPlayer" */ = {
			isa = XCConfigurationList;
			buildConfigurations = (
				C0E4A4272F55A31A004042A1 /* Debug */,
				C0E4A4282F55A31A004042A1 /* Release */,
			);
			defaultConfigurationIsVisible = 0;
			defaultConfigurationName = Release;
		};
		C0E4A4292F55A31A004042A1 /* Build configuration list for PBXNativeTarget "VideoPlayer" */ = {
			isa = XCConfigurationList;
			buildConfigurations = (
				C0E4A42A2F55A31A004042A1 /* Debug */,
				C0E4A42B2F55A31A004042A1 /* Release */,
			);
			defaultConfigurationIsVisible = 0;
			defaultConfigurationName = Release;
		};
		C0E4A42C2F55A31A004042A1 /* Build configuration list for PBXNativeTarget "VideoPlayerTests" */ = {
			isa = XCConfigurationList;
			buildConfigurations = (
				C0E4A42D2F55A31A004042A1 /* Debug */,
				C0E4A42E2F55A31A004042A1 /* Release */,
			);
			defaultConfigurationIsVisible = 0;
			defaultConfigurationName = Release;
		};
		C0E4A42F2F55A31A004042A1 /* Build configuration list for PBXNativeTarget "VideoPlayerUITests" */ = {
			isa = XCConfigurationList;
			buildConfigurations = (
				C0E4A4302F55A31A004042A1 /* Debug */,
				C0E4A4312F55A31A004042A1 /* Release */,
			);
			defaultConfigurationIsVisible = 0;
			defaultConfigurationName = Release;
		};
/* End XCConfigurationList section */
	};
	rootObject = C0E4A4002F55A317004042A1 /* Project object */;
}
